// !$*UTF8*$!
{
	archiveVersion = 1;
	classes = {
	};
	objectVersion = 46;
	objects = {

/* Begin PBXBuildFile section */
		7535A00E1E9A65A00095582C /* OGCategories.h in Headers */ = {isa = PBXBuildFile; fileRef = 7535A00C1E9A65A00095582C /* OGCategories.h */; settings = {ATTRIBUTES = (Public, ); }; };
		7535A0121E9A65ED0095582C /* NSAlert+Convenience.swift in Sources */ = {isa = PBXBuildFile; fileRef = 75359FEF1E9A64A00095582C /* NSAlert+Convenience.swift */; };
/* End PBXBuildFile section */

/* Begin PBXFileReference section */
		75359FE11E9A61890095582C /* OGCategories.h */ = {isa = PBXFileReference; lastKnownFileType = sourcecode.c.h; path = OGCategories.h; sourceTree = "<group>"; };
		75359FE21E9A61890095582C /* Info.plist */ = {isa = PBXFileReference; lastKnownFileType = text.plist.xml; path = Info.plist; sourceTree = "<group>"; };
		75359FEF1E9A64A00095582C /* NSAlert+Convenience.swift */ = {isa = PBXFileReference; fileEncoding = 4; lastKnownFileType = sourcecode.swift; name = "NSAlert+Convenience.swift"; path = "Categories/NSAlert+Convenience.swift"; sourceTree = "<group>"; };
		7535A00A1E9A65A00095582C /* OGCategories.framework */ = {isa = PBXFileReference; explicitFileType = wrapper.framework; includeInIndex = 0; path = OGCategories.framework; sourceTree = BUILT_PRODUCTS_DIR; };
		7535A00C1E9A65A00095582C /* OGCategories.h */ = {isa = PBXFileReference; lastKnownFileType = sourcecode.c.h; path = OGCategories.h; sourceTree = "<group>"; };
		7535A00D1E9A65A00095582C /* Info.plist */ = {isa = PBXFileReference; lastKnownFileType = text.plist.xml; path = Info.plist; sourceTree = "<group>"; };
/* End PBXFileReference section */

/* Begin PBXFrameworksBuildPhase section */
		7535A0061E9A65A00095582C /* Frameworks */ = {
			isa = PBXFrameworksBuildPhase;
			buildActionMask = 2147483647;
			files = (
			);
			runOnlyForDeploymentPostprocessing = 0;
		};
/* End PBXFrameworksBuildPhase section */

/* Begin PBXGroup section */
		75359FD41E9A61880095582C = {
			isa = PBXGroup;
			children = (
				75359FE01E9A61890095582C /* OGCategories */,
				7535A00B1E9A65A00095582C /* OGCategories */,
				75359FDF1E9A61890095582C /* Products */,
			);
			sourceTree = "<group>";
		};
		75359FDF1E9A61890095582C /* Products */ = {
			isa = PBXGroup;
			children = (
				7535A00A1E9A65A00095582C /* OGCategories.framework */,
			);
			name = Products;
			sourceTree = "<group>";
		};
		75359FE01E9A61890095582C /* OGCategories */ = {
			isa = PBXGroup;
			children = (
				75359FED1E9A61CA0095582C /* Categories */,
				75359FE11E9A61890095582C /* OGCategories.h */,
				75359FE21E9A61890095582C /* Info.plist */,
			);
			path = OGCategories;
			sourceTree = "<group>";
		};
		75359FED1E9A61CA0095582C /* Categories */ = {
			isa = PBXGroup;
			children = (
				75359FEF1E9A64A00095582C /* NSAlert+Convenience.swift */,
			);
			name = Categories;
			sourceTree = "<group>";
		};
		7535A00B1E9A65A00095582C /* OGCategories */ = {
			isa = PBXGroup;
			children = (
				7535A00C1E9A65A00095582C /* OGCategories.h */,
				7535A00D1E9A65A00095582C /* Info.plist */,
			);
			path = OGCategories;
			sourceTree = "<group>";
		};
/* End PBXGroup section */

/* Begin PBXHeadersBuildPhase section */
		7535A0071E9A65A00095582C /* Headers */ = {
			isa = PBXHeadersBuildPhase;
			buildActionMask = 2147483647;
			files = (
				7535A00E1E9A65A00095582C /* OGCategories.h in Headers */,
			);
			runOnlyForDeploymentPostprocessing = 0;
		};
/* End PBXHeadersBuildPhase section */

/* Begin PBXNativeTarget section */
		7535A0091E9A65A00095582C /* OGCategories */ = {
			isa = PBXNativeTarget;
			buildConfigurationList = 7535A00F1E9A65A00095582C /* Build configuration list for PBXNativeTarget "OGCategories" */;
			buildPhases = (
				7535A0051E9A65A00095582C /* Sources */,
				7535A0061E9A65A00095582C /* Frameworks */,
				7535A0071E9A65A00095582C /* Headers */,
				7535A0081E9A65A00095582C /* Resources */,
			);
			buildRules = (
			);
			dependencies = (
			);
			name = OGCategories;
			productName = OGCategories;
			productReference = 7535A00A1E9A65A00095582C /* OGCategories.framework */;
			productType = "com.apple.product-type.framework";
		};
/* End PBXNativeTarget section */

/* Begin PBXProject section */
		75359FD51E9A61880095582C /* Project object */ = {
			isa = PBXProject;
			attributes = {
				LastSwiftUpdateCheck = 0830;
				LastUpgradeCheck = 0830;
				ORGANIZATIONNAME = "Oskar Groth";
				TargetAttributes = {
					7535A0091E9A65A00095582C = {
						CreatedOnToolsVersion = 8.3;
						DevelopmentTeam = ZQK6SX26CE;
						ProvisioningStyle = Automatic;
					};
				};
			};
			buildConfigurationList = 75359FD81E9A61880095582C /* Build configuration list for PBXProject "OGCategories" */;
			compatibilityVersion = "Xcode 3.2";
			developmentRegion = English;
			hasScannedForEncodings = 0;
			knownRegions = (
				en,
				Base,
			);
			mainGroup = 75359FD41E9A61880095582C;
			productRefGroup = 75359FDF1E9A61890095582C /* Products */;
			projectDirPath = "";
			projectRoot = "";
			targets = (
				7535A0091E9A65A00095582C /* OGCategories */,
			);
		};
/* End PBXProject section */

/* Begin PBXResourcesBuildPhase section */
		7535A0081E9A65A00095582C /* Resources */ = {
			isa = PBXResourcesBuildPhase;
			buildActionMask = 2147483647;
			files = (
			);
			runOnlyForDeploymentPostprocessing = 0;
		};
/* End PBXResourcesBuildPhase section */

/* Begin PBXSourcesBuildPhase section */
		7535A0051E9A65A00095582C /* Sources */ = {
			isa = PBXSourcesBuildPhase;
			buildActionMask = 2147483647;
			files = (
				7535A0121E9A65ED0095582C /* NSAlert+Convenience.swift in Sources */,
			);
			runOnlyForDeploymentPostprocessing = 0;
		};
/* End PBXSourcesBuildPhase section */

/* Begin XCBuildConfiguration section */
		75359FE41E9A61890095582C /* Debug */ = {
			isa = XCBuildConfiguration;
			buildSettings = {
				ALWAYS_SEARCH_USER_PATHS = NO;
				CLANG_ANALYZER_NONNULL = YES;
				CLANG_ANALYZER_NUMBER_OBJECT_CONVERSION = YES_AGGRESSIVE;
				CLANG_CXX_LANGUAGE_STANDARD = "gnu++0x";
				CLANG_CXX_LIBRARY = "libc++";
				CLANG_ENABLE_MODULES = YES;
				CLANG_ENABLE_OBJC_ARC = YES;
				CLANG_WARN_BOOL_CONVERSION = YES;
				CLANG_WARN_CONSTANT_CONVERSION = YES;
				CLANG_WARN_DIRECT_OBJC_ISA_USAGE = YES_ERROR;
				CLANG_WARN_DOCUMENTATION_COMMENTS = YES;
				CLANG_WARN_EMPTY_BODY = YES;
				CLANG_WARN_ENUM_CONVERSION = YES;
				CLANG_WARN_INFINITE_RECURSION = YES;
				CLANG_WARN_INT_CONVERSION = YES;
				CLANG_WARN_OBJC_ROOT_CLASS = YES_ERROR;
				CLANG_WARN_SUSPICIOUS_MOVE = YES;
				CLANG_WARN_UNREACHABLE_CODE = YES;
				CLANG_WARN__DUPLICATE_METHOD_MATCH = YES;
				CODE_SIGN_IDENTITY = "-";
				COPY_PHASE_STRIP = NO;
				CURRENT_PROJECT_VERSION = 1;
				DEBUG_INFORMATION_FORMAT = dwarf;
				ENABLE_STRICT_OBJC_MSGSEND = YES;
				ENABLE_TESTABILITY = YES;
				GCC_C_LANGUAGE_STANDARD = gnu99;
				GCC_DYNAMIC_NO_PIC = NO;
				GCC_NO_COMMON_BLOCKS = YES;
				GCC_OPTIMIZATION_LEVEL = 0;
				GCC_PREPROCESSOR_DEFINITIONS = (
					"DEBUG=1",
					"$(inherited)",
				);
				GCC_WARN_64_TO_32_BIT_CONVERSION = YES;
				GCC_WARN_ABOUT_RETURN_TYPE = YES_ERROR;
				GCC_WARN_UNDECLARED_SELECTOR = YES;
				GCC_WARN_UNINITIALIZED_AUTOS = YES_AGGRESSIVE;
				GCC_WARN_UNUSED_FUNCTION = YES;
				GCC_WARN_UNUSED_VARIABLE = YES;
				MACOSX_DEPLOYMENT_TARGET = 10.12;
				MTL_ENABLE_DEBUG_INFO = YES;
				ONLY_ACTIVE_ARCH = YES;
				SDKROOT = macosx;
				SWIFT_ACTIVE_COMPILATION_CONDITIONS = DEBUG;
				SWIFT_OPTIMIZATION_LEVEL = "-Onone";
				VERSIONING_SYSTEM = "apple-generic";
				VERSION_INFO_PREFIX = "";
			};
			name = Debug;
		};
		75359FE51E9A61890095582C /* Release */ = {
			isa = XCBuildConfiguration;
			buildSettings = {
				ALWAYS_SEARCH_USER_PATHS = NO;
				CLANG_ANALYZER_NONNULL = YES;
				CLANG_ANALYZER_NUMBER_OBJECT_CONVERSION = YES_AGGRESSIVE;
				CLANG_CXX_LANGUAGE_STANDARD = "gnu++0x";
				CLANG_CXX_LIBRARY = "libc++";
				CLANG_ENABLE_MODULES = YES;
				CLANG_ENABLE_OBJC_ARC = YES;
				CLANG_WARN_BOOL_CONVERSION = YES;
				CLANG_WARN_CONSTANT_CONVERSION = YES;
				CLANG_WARN_DIRECT_OBJC_ISA_USAGE = YES_ERROR;
				CLANG_WARN_DOCUMENTATION_COMMENTS = YES;
				CLANG_WARN_EMPTY_BODY = YES;
				CLANG_WARN_ENUM_CONVERSION = YES;
				CLANG_WARN_INFINITE_RECURSION = YES;
				CLANG_WARN_INT_CONVERSION = YES;
				CLANG_WARN_OBJC_ROOT_CLASS = YES_ERROR;
				CLANG_WARN_SUSPICIOUS_MOVE = YES;
				CLANG_WARN_UNREACHABLE_CODE = YES;
				CLANG_WARN__DUPLICATE_METHOD_MATCH = YES;
				CODE_SIGN_IDENTITY = "-";
				COPY_PHASE_STRIP = NO;
				CURRENT_PROJECT_VERSION = 1;
				DEBUG_INFORMATION_FORMAT = "dwarf-with-dsym";
				ENABLE_NS_ASSERTIONS = NO;
				ENABLE_STRICT_OBJC_MSGSEND = YES;
				GCC_C_LANGUAGE_STANDARD = gnu99;
				GCC_NO_COMMON_BLOCKS = YES;
				GCC_WARN_64_TO_32_BIT_CONVERSION = YES;
				GCC_WARN_ABOUT_RETURN_TYPE = YES_ERROR;
				GCC_WARN_UNDECLARED_SELECTOR = YES;
				GCC_WARN_UNINITIALIZED_AUTOS = YES_AGGRESSIVE;
				GCC_WARN_UNUSED_FUNCTION = YES;
				GCC_WARN_UNUSED_VARIABLE = YES;
				MACOSX_DEPLOYMENT_TARGET = 10.12;
				MTL_ENABLE_DEBUG_INFO = NO;
				SDKROOT = macosx;
				SWIFT_OPTIMIZATION_LEVEL = "-Owholemodule";
				VERSIONING_SYSTEM = "apple-generic";
				VERSION_INFO_PREFIX = "";
			};
			name = Release;
		};
		7535A0101E9A65A00095582C /* Debug */ = {
			isa = XCBuildConfiguration;
			buildSettings = {
				CODE_SIGN_IDENTITY = "";
				COMBINE_HIDPI_IMAGES = YES;
				DEFINES_MODULE = YES;
				DEVELOPMENT_TEAM = ZQK6SX26CE;
				DYLIB_COMPATIBILITY_VERSION = 1;
				DYLIB_CURRENT_VERSION = 1;
				DYLIB_INSTALL_NAME_BASE = "@rpath";
				FRAMEWORK_VERSION = A;
				INFOPLIST_FILE = OGCategories/Info.plist;
				INSTALL_PATH = "$(LOCAL_LIBRARY_DIR)/Frameworks";
				LD_RUNPATH_SEARCH_PATHS = "$(inherited) @executable_path/../Frameworks @loader_path/Frameworks";
				PRODUCT_BUNDLE_IDENTIFIER = org.cindori.OGCategories;
				PRODUCT_NAME = "$(TARGET_NAME)";
				SKIP_INSTALL = YES;
				SWIFT_VERSION = 3.0;
			};
			name = Debug;
		};
		7535A0111E9A65A00095582C /* Release */ = {
			isa = XCBuildConfiguration;
			buildSettings = {
				CODE_SIGN_IDENTITY = "";
				COMBINE_HIDPI_IMAGES = YES;
				DEFINES_MODULE = YES;
				DEVELOPMENT_TEAM = ZQK6SX26CE;
				DYLIB_COMPATIBILITY_VERSION = 1;
				DYLIB_CURRENT_VERSION = 1;
				DYLIB_INSTALL_NAME_BASE = "@rpath";
				FRAMEWORK_VERSION = A;
				INFOPLIST_FILE = OGCategories/Info.plist;
				INSTALL_PATH = "$(LOCAL_LIBRARY_DIR)/Frameworks";
				LD_RUNPATH_SEARCH_PATHS = "$(inherited) @executable_path/../Frameworks @loader_path/Frameworks";
				PRODUCT_BUNDLE_IDENTIFIER = org.cindori.OGCategories;
				PRODUCT_NAME = "$(TARGET_NAME)";
				SKIP_INSTALL = YES;
				SWIFT_VERSION = 3.0;
			};
			name = Release;
		};
/* End XCBuildConfiguration section */

/* Begin XCConfigurationList section */
		75359FD81E9A61880095582C /* Build configuration list for PBXProject "OGCategories" */ = {
			isa = XCConfigurationList;
			buildConfigurations = (
				75359FE41E9A61890095582C /* Debug */,
				75359FE51E9A61890095582C /* Release */,
			);
			defaultConfigurationIsVisible = 0;
			defaultConfigurationName = Release;
		};
		7535A00F1E9A65A00095582C /* Build configuration list for PBXNativeTarget "OGCategories" */ = {
			isa = XCConfigurationList;
			buildConfigurations = (
				7535A0101E9A65A00095582C /* Debug */,
				7535A0111E9A65A00095582C /* Release */,
			);
			defaultConfigurationIsVisible = 0;
		};
/* End XCConfigurationList section */
	};
	rootObject = 75359FD51E9A61880095582C /* Project object */;
}
